
Microsoft Visual Studio Solution File, Format Version 12.00
# Visual Studio Version 16
VisualStudioVersion = 16.0.31105.61
MinimumVisualStudioVersion = 10.0.40219.1
Project("{FAE04EC0-301F-11D3-BF4B-00C04F79EFBC}") = "TallerEntrega", "TallerEntrega\TallerEntrega.csproj", "{1EC9804F-F42A-4FC3-B1A6-DC4DA9D934F5}"
EndProject
Global
	GlobalSection(SolutionConfigurationPlatforms) = preSolution
		Debug|Any CPU = Debug|Any CPU
		Release|Any CPU = Release|Any CPU
	EndGlobalSection
	GlobalSection(ProjectConfigurationPlatforms) = postSolution
		{1EC9804F-F42A-4FC3-B1A6-DC4DA9D934F5}.Debug|Any CPU.ActiveCfg = Debug|Any CPU
		{1EC9804F-F42A-4FC3-B1A6-DC4DA9D934F5}.Debug|Any CPU.Build.0 = Debug|Any CPU
		{1EC9804F-F42A-4FC3-B1A6-DC4DA9D934F5}.Release|Any CPU.ActiveCfg = Release|Any CPU
		{1EC9804F-F42A-4FC3-B1A6-DC4DA9D934F5}.Release|Any CPU.Build.0 = Release|Any CPU
	EndGlobalSection
	GlobalSection(SolutionProperties) = preSolution
		HideSolutionNode = FALSE
	EndGlobalSection
	GlobalSection(ExtensibilityGlobals) = postSolution
		SolutionGuid = {F4BF167C-4FE2-428C-8EA7-F12B9D023273}
	EndGlobalSection
EndGlobal
